# This file is automatically @generated by Cargo.
# It is not intended for manual editing.
version = 4

[[package]]
name = "getargs"
version = "0.5.0"
source = "registry+https://github.com/rust-lang/crates.io-index"
checksum = "084c6b182b01dec54ff12986b9cc8859a9b0d92b074f878c382a4481a070e66e"

[[package]]
name = "once_cell"
version = "1.21.3"
source = "registry+https://github.com/rust-lang/crates.io-index"
checksum = "42f5e15c9953c5e4ccceeb2e7382a716482c34515315f7b03532b8b4e8393d2d"

[[package]]
name = "rust_motifs"
version = "0.1.0"
dependencies = [
 "getargs",
 "once_cell",
]
